
Microsoft Visual Studio Solution File, Format Version 12.00
# Visual Studio 15
VisualStudioVersion = 15.0.26430.16
MinimumVisualStudioVersion = 10.0.40219.1
Project("{FAE04EC0-301F-11D3-BF4B-00C04F79EFBC}") = "TradeOffAndroidApp", "TradeOffAndroidApp\TradeOffAndroidApp.csproj", "{D7F0DA97-8FFF-46FC-B688-5C3A04077B31}"
EndProject
Project("{9A19103F-16F7-4668-BE54-9A1E7A4F7556}") = "TradeOff.API", "TradeOff.API\TradeOff.API.csproj", "{702140ED-7BD1-4235-BB65-C00BF544E27F}"
EndProject
Project("{FAE04EC0-301F-11D3-BF4B-00C04F79EFBC}") = "TradeOffAndroidApp.Core", "TradeOffAndroidApp.Core\TradeOffAndroidApp.Core.csproj", "{67F9D3A8-F71E-4428-913F-C37AE82CDB24}"
EndProject
Global
	GlobalSection(SolutionConfigurationPlatforms) = preSolution
		Debug|Any CPU = Debug|Any CPU
		Release|Any CPU = Release|Any CPU
	EndGlobalSection
	GlobalSection(ProjectConfigurationPlatforms) = postSolution
		{D7F0DA97-8FFF-46FC-B688-5C3A04077B31}.Debug|Any CPU.ActiveCfg = Debug|Any CPU
		{D7F0DA97-8FFF-46FC-B688-5C3A04077B31}.Debug|Any CPU.Build.0 = Debug|Any CPU
		{D7F0DA97-8FFF-46FC-B688-5C3A04077B31}.Debug|Any CPU.Deploy.0 = Debug|Any CPU
		{D7F0DA97-8FFF-46FC-B688-5C3A04077B31}.Release|Any CPU.ActiveCfg = Release|Any CPU
		{D7F0DA97-8FFF-46FC-B688-5C3A04077B31}.Release|Any CPU.Build.0 = Release|Any CPU
		{D7F0DA97-8FFF-46FC-B688-5C3A04077B31}.Release|Any CPU.Deploy.0 = Release|Any CPU
		{702140ED-7BD1-4235-BB65-C00BF544E27F}.Debug|Any CPU.ActiveCfg = Debug|Any CPU
		{702140ED-7BD1-4235-BB65-C00BF544E27F}.Debug|Any CPU.Build.0 = Debug|Any CPU
		{702140ED-7BD1-4235-BB65-C00BF544E27F}.Release|Any CPU.ActiveCfg = Release|Any CPU
		{702140ED-7BD1-4235-BB65-C00BF544E27F}.Release|Any CPU.Build.0 = Release|Any CPU
		{67F9D3A8-F71E-4428-913F-C37AE82CDB24}.Debug|Any CPU.ActiveCfg = Debug|Any CPU
		{67F9D3A8-F71E-4428-913F-C37AE82CDB24}.Debug|Any CPU.Build.0 = Debug|Any CPU
		{67F9D3A8-F71E-4428-913F-C37AE82CDB24}.Release|Any CPU.ActiveCfg = Release|Any CPU
		{67F9D3A8-F71E-4428-913F-C37AE82CDB24}.Release|Any CPU.Build.0 = Release|Any CPU
	EndGlobalSection
	GlobalSection(SolutionProperties) = preSolution
		HideSolutionNode = FALSE
	EndGlobalSection
EndGlobal
